
Microsoft Visual Studio Solution File, Format Version 12.00
# Visual Studio Version 17
VisualStudioVersion = 17.6.33717.318
MinimumVisualStudioVersion = 10.0.40219.1
Project("{00D1A9C2-B5F0-4AF3-8072-F6C62B433612}") = "Database_CI-CD", "Database_CI-CD.sqlproj", "{856578BA-D8D1-418E-97F8-8D82CE48610F}"
EndProject
Global
	GlobalSection(SolutionConfigurationPlatforms) = preSolution
		Debug|Any CPU = Debug|Any CPU
		Release|Any CPU = Release|Any CPU
	EndGlobalSection
	GlobalSection(ProjectConfigurationPlatforms) = postSolution
		{856578BA-D8D1-418E-97F8-8D82CE48610F}.Debug|Any CPU.ActiveCfg = Debug|Any CPU
		{856578BA-D8D1-418E-97F8-8D82CE48610F}.Debug|Any CPU.Build.0 = Debug|Any CPU
		{856578BA-D8D1-418E-97F8-8D82CE48610F}.Debug|Any CPU.Deploy.0 = Debug|Any CPU
		{856578BA-D8D1-418E-97F8-8D82CE48610F}.Release|Any CPU.ActiveCfg = Release|Any CPU
		{856578BA-D8D1-418E-97F8-8D82CE48610F}.Release|Any CPU.Build.0 = Release|Any CPU
		{856578BA-D8D1-418E-97F8-8D82CE48610F}.Release|Any CPU.Deploy.0 = Release|Any CPU
	EndGlobalSection
	GlobalSection(SolutionProperties) = preSolution
		HideSolutionNode = FALSE
	EndGlobalSection
	GlobalSection(ExtensibilityGlobals) = postSolution
		SolutionGuid = {C6167021-1A19-4A2D-B6E7-3BFFCCD6D4F7}
	EndGlobalSection
EndGlobal
